
Microsoft Visual Studio Solution File, Format Version 12.00
# Visual Studio 15
VisualStudioVersion = 15.0.27703.2047
MinimumVisualStudioVersion = 10.0.40219.1
Project("{FAE04EC0-301F-11D3-BF4B-00C04F79EFBC}") = "Piccolo_2.0", "Piccolo_2.0\Piccolo_2.0.csproj", "{B155CB73-046F-43B0-BCB9-29980055B2B9}"
EndProject
Global
	GlobalSection(SolutionConfigurationPlatforms) = preSolution
		Debug|Any CPU = Debug|Any CPU
		Release|Any CPU = Release|Any CPU
	EndGlobalSection
	GlobalSection(ProjectConfigurationPlatforms) = postSolution
		{B155CB73-046F-43B0-BCB9-29980055B2B9}.Debug|Any CPU.ActiveCfg = Debug|Any CPU
		{B155CB73-046F-43B0-BCB9-29980055B2B9}.Debug|Any CPU.Build.0 = Debug|Any CPU
		{B155CB73-046F-43B0-BCB9-29980055B2B9}.Release|Any CPU.ActiveCfg = Release|Any CPU
		{B155CB73-046F-43B0-BCB9-29980055B2B9}.Release|Any CPU.Build.0 = Release|Any CPU
	EndGlobalSection
	GlobalSection(SolutionProperties) = preSolution
		HideSolutionNode = FALSE
	EndGlobalSection
	GlobalSection(ExtensibilityGlobals) = postSolution
		SolutionGuid = {D914C363-DAA5-4617-ADF2-A67206D97FC2}
	EndGlobalSection
EndGlobal
